
Microsoft Visual Studio Solution File, Format Version 12.00
# Visual Studio Version 17
VisualStudioVersion = 17.5.33502.453
MinimumVisualStudioVersion = 10.0.40219.1
Project("{9A19103F-16F7-4668-BE54-9A1E7A4F7556}") = "JsonWin32Generator", "JsonWin32Generator.csproj", "{15EB928D-8FFD-4224-87C1-495D22CCAD16}"
EndProject
Global
	GlobalSection(SolutionConfigurationPlatforms) = preSolution
		Debug|Any CPU = Debug|Any CPU
		Release|Any CPU = Release|Any CPU
	EndGlobalSection
	GlobalSection(ProjectConfigurationPlatforms) = postSolution
		{15EB928D-8FFD-4224-87C1-495D22CCAD16}.Debug|Any CPU.ActiveCfg = Debug|Any CPU
		{15EB928D-8FFD-4224-87C1-495D22CCAD16}.Debug|Any CPU.Build.0 = Debug|Any CPU
		{15EB928D-8FFD-4224-87C1-495D22CCAD16}.Release|Any CPU.ActiveCfg = Release|Any CPU
		{15EB928D-8FFD-4224-87C1-495D22CCAD16}.Release|Any CPU.Build.0 = Release|Any CPU
	EndGlobalSection
	GlobalSection(SolutionProperties) = preSolution
		HideSolutionNode = FALSE
	EndGlobalSection
	GlobalSection(ExtensibilityGlobals) = postSolution
		SolutionGuid = {187B4F32-6A83-4051-A146-4E8AF0FF856C}
	EndGlobalSection
EndGlobal
